# This file is autogenerated, do not edit; changes may be undone by the next 'dep ensure'.


[[projects]]
  digest = "1:05eebdd5727fea23083fce0d98d307d70c86baed644178e81608aaa9f09ea469"
  name = "github.com/Sirupsen/logrus"
  packages = ["."]
  pruneopts = "UT"
  revision = "60c74ad9be0d874af0ab0daef6ab07c5c5911f0d"
  version = "v1.6.0"

[[projects]]
  branch = "master"
  digest = "1:b7e05c8da029b985907b15e126cde5f42f2814b08211a184dac436eeec6fe780"
  name = "github.com/anvie/port-scanner"
  packages = [
    ".",
    "predictors",
    "predictors/webserver",
  ]
  pruneopts = "UT"
  revision = "8159197d3770eb6dbf3a9706a6d40462ebb69cec"

[[projects]]
  digest = "1:d87c9221a974263e3b369bfd3513707b2a53e27a6cd799d472f94dc6a6157e59"
  name = "github.com/bwmarrin/discordgo"
  packages = ["."]
  pruneopts = "UT"
  revision = "ed4d6904961d1688b3f5601b3d73e95a71046734"
  version = "v0.20.3"

[[projects]]
  digest = "1:6d29f02f0f01c627c2be40fb7347669a9ff2aa215cb97747294c1d13ffa74bdd"
  name = "github.com/gorilla/websocket"
  packages = ["."]
  pruneopts = "UT"
  revision = "b65e62901fc1c0d968042419e74789f6af455eb9"
  version = "v1.4.2"

[[projects]]
  branch = "master"
  digest = "1:50993a8fbb3042b88dfecb8f4473a42f13ac70d6fd86f64df525a28b357c2d5b"
  name = "github.com/kidoman/go-steam"
  packages = ["."]
  pruneopts = "UT"
  revision = "2e40e0d508cbac591bab4ae18b231153295f3a0a"

[[projects]]
  digest = "1:09cb61dc19af93deae01587e2fdb1c081e0bf48f1a5ad5fa24f48750dc57dce8"
  name = "github.com/konsorten/go-windows-terminal-sequences"
  packages = ["."]
  pruneopts = "UT"
  revision = "edb144dfd453055e1e49a3d8b410a660b5a87613"
  version = "v1.0.3"

[[projects]]
  branch = "master"
  digest = "1:1714bd928fd176237ccdea21695bf72801c1ee5f51bccefb69b87f0fd376a6aa"
  name = "golang.org/x/crypto"
  packages = [
    "internal/subtle",
    "nacl/secretbox",
    "poly1305",
    "salsa20/salsa",
  ]
  pruneopts = "UT"
  revision = "70a84ac30bf957c7df57edd1935d2081871515e1"

[[projects]]
  branch = "master"
  digest = "1:145abe7dfa46d17ef35e5126ed1cc87b9100e78b9f428c9460deea34bfeabafb"
  name = "golang.org/x/sys"
  packages = [
    "cpu",
    "internal/unsafeheader",
    "unix",
  ]
  pruneopts = "UT"
  revision = "226ff32320da7b90d0b5bc2365f4e359c466fb78"

[solve-meta]
  analyzer-name = "dep"
  analyzer-version = 1
  input-imports = [
    "github.com/anvie/port-scanner",
    "github.com/bwmarrin/discordgo",
    "github.com/kidoman/go-steam",
  ]
  solver-name = "gps-cdcl"
  solver-version = 1
